
Microsoft Visual Studio Solution File, Format Version 12.00
Project("{FAE04EC0-301F-11D3-BF4B-00C04F79EFBC}") = "Strategy Pattern", "Strategy Pattern\Strategy Pattern.csproj", "{93D045FC-E73F-42AF-8041-263775F655DD}"
EndProject
Project("{FAE04EC0-301F-11D3-BF4B-00C04F79EFBC}") = "Observer Pattern", "Observer Pattern\Observer Pattern.csproj", "{E950519F-F19C-44FD-A2B3-9FD2D2A66866}"
EndProject
Project("{FAE04EC0-301F-11D3-BF4B-00C04F79EFBC}") = "Decorator Pattern", "Decorator Pattern\Decorator Pattern.csproj", "{B2CC2EFB-7D5F-44E4-BEC9-E9D0C7E5DFD3}"
EndProject
Global
	GlobalSection(SolutionConfigurationPlatforms) = preSolution
		Debug|Any CPU = Debug|Any CPU
		Release|Any CPU = Release|Any CPU
	EndGlobalSection
	GlobalSection(ProjectConfigurationPlatforms) = postSolution
		{93D045FC-E73F-42AF-8041-263775F655DD}.Debug|Any CPU.ActiveCfg = Debug|Any CPU
		{93D045FC-E73F-42AF-8041-263775F655DD}.Debug|Any CPU.Build.0 = Debug|Any CPU
		{93D045FC-E73F-42AF-8041-263775F655DD}.Release|Any CPU.ActiveCfg = Release|Any CPU
		{93D045FC-E73F-42AF-8041-263775F655DD}.Release|Any CPU.Build.0 = Release|Any CPU
		{E950519F-F19C-44FD-A2B3-9FD2D2A66866}.Debug|Any CPU.ActiveCfg = Debug|Any CPU
		{E950519F-F19C-44FD-A2B3-9FD2D2A66866}.Debug|Any CPU.Build.0 = Debug|Any CPU
		{E950519F-F19C-44FD-A2B3-9FD2D2A66866}.Release|Any CPU.ActiveCfg = Release|Any CPU
		{E950519F-F19C-44FD-A2B3-9FD2D2A66866}.Release|Any CPU.Build.0 = Release|Any CPU
		{B2CC2EFB-7D5F-44E4-BEC9-E9D0C7E5DFD3}.Debug|Any CPU.ActiveCfg = Debug|Any CPU
		{B2CC2EFB-7D5F-44E4-BEC9-E9D0C7E5DFD3}.Debug|Any CPU.Build.0 = Debug|Any CPU
		{B2CC2EFB-7D5F-44E4-BEC9-E9D0C7E5DFD3}.Release|Any CPU.ActiveCfg = Release|Any CPU
		{B2CC2EFB-7D5F-44E4-BEC9-E9D0C7E5DFD3}.Release|Any CPU.Build.0 = Release|Any CPU
	EndGlobalSection
EndGlobal
